// !$*UTF8*$!
{
	archiveVersion = 1;
	classes = {
	};
	objectVersion = 46;
	objects = {

/* Begin PBXBuildFile section */
		6BC3C91119E76EB30014A825 /* main.m in Sources */ = {isa = PBXBuildFile; fileRef = 6BC3C91019E76EB30014A825 /* main.m */; };
		6BC3C91419E76EB30014A825 /* AppDelegate.m in Sources */ = {isa = PBXBuildFile; fileRef = 6BC3C91319E76EB30014A825 /* AppDelegate.m */; };
		6BC3C91719E76EB30014A825 /* ViewController.m in Sources */ = {isa = PBXBuildFile; fileRef = 6BC3C91619E76EB30014A825 /* ViewController.m */; };
		6BC3C91A19E76EB30014A825 /* Main.storyboard in Resources */ = {isa = PBXBuildFile; fileRef = 6BC3C91819E76EB30014A825 /* Main.storyboard */; };
		6BC3C91C19E76EB30014A825 /* Images.xcassets in Resources */ = {isa = PBXBuildFile; fileRef = 6BC3C91B19E76EB30014A825 /* Images.xcassets */; };
		6BC3C91F19E76EB30014A825 /* LaunchScreen.xib in Resources */ = {isa = PBXBuildFile; fileRef = 6BC3C91D19E76EB30014A825 /* LaunchScreen.xib */; };
		6BC3C92B19E76EB30014A825 /* ImaginariumTests.m in Sources */ = {isa = PBXBuildFile; fileRef = 6BC3C92A19E76EB30014A825 /* ImaginariumTests.m */; };
		6BC3C93619E76F040014A825 /* ImageViewController.m in Sources */ = {isa = PBXBuildFile; fileRef = 6BC3C93519E76F040014A825 /* ImageViewController.m */; };
/* End PBXBuildFile section */

/* Begin PBXContainerItemProxy section */
		6BC3C92519E76EB30014A825 /* PBXContainerItemProxy */ = {
			isa = PBXContainerItemProxy;
			containerPortal = 6BC3C90319E76EB30014A825 /* Project object */;
			proxyType = 1;
			remoteGlobalIDString = 6BC3C90A19E76EB30014A825;
			remoteInfo = Imaginarium;
		};
/* End PBXContainerItemProxy section */

/* Begin PBXFileReference section */
		6BC3C90B19E76EB30014A825 /* Imaginarium.app */ = {isa = PBXFileReference; explicitFileType = wrapper.application; includeInIndex = 0; path = Imaginarium.app; sourceTree = BUILT_PRODUCTS_DIR; };
		6BC3C90F19E76EB30014A825 /* Info.plist */ = {isa = PBXFileReference; lastKnownFileType = text.plist.xml; path = Info.plist; sourceTree = "<group>"; };
		6BC3C91019E76EB30014A825 /* main.m */ = {isa = PBXFileReference; lastKnownFileType = sourcecode.c.objc; path = main.m; sourceTree = "<group>"; };
		6BC3C91219E76EB30014A825 /* AppDelegate.h */ = {isa = PBXFileReference; lastKnownFileType = sourcecode.c.h; path = AppDelegate.h; sourceTree = "<group>"; };
		6BC3C91319E76EB30014A825 /* AppDelegate.m */ = {isa = PBXFileReference; lastKnownFileType = sourcecode.c.objc; path = AppDelegate.m; sourceTree = "<group>"; };
		6BC3C91519E76EB30014A825 /* ViewController.h */ = {isa = PBXFileReference; lastKnownFileType = sourcecode.c.h; path = ViewController.h; sourceTree = "<group>"; };
		6BC3C91619E76EB30014A825 /* ViewController.m */ = {isa = PBXFileReference; lastKnownFileType = sourcecode.c.objc; path = ViewController.m; sourceTree = "<group>"; };
		6BC3C91919E76EB30014A825 /* Base */ = {isa = PBXFileReference; lastKnownFileType = file.storyboard; name = Base; path = Base.lproj/Main.storyboard; sourceTree = "<group>"; };
		6BC3C91B19E76EB30014A825 /* Images.xcassets */ = {isa = PBXFileReference; lastKnownFileType = folder.assetcatalog; path = Images.xcassets; sourceTree = "<group>"; };
		6BC3C91E19E76EB30014A825 /* Base */ = {isa = PBXFileReference; lastKnownFileType = file.xib; name = Base; path = Base.lproj/LaunchScreen.xib; sourceTree = "<group>"; };
		6BC3C92419E76EB30014A825 /* ImaginariumTests.xctest */ = {isa = PBXFileReference; explicitFileType = wrapper.cfbundle; includeInIndex = 0; path = ImaginariumTests.xctest; sourceTree = BUILT_PRODUCTS_DIR; };
		6BC3C92919E76EB30014A825 /* Info.plist */ = {isa = PBXFileReference; lastKnownFileType = text.plist.xml; path = Info.plist; sourceTree = "<group>"; };
		6BC3C92A19E76EB30014A825 /* ImaginariumTests.m */ = {isa = PBXFileReference; lastKnownFileType = sourcecode.c.objc; path = ImaginariumTests.m; sourceTree = "<group>"; };
		6BC3C93419E76F040014A825 /* ImageViewController.h */ = {isa = PBXFileReference; fileEncoding = 4; lastKnownFileType = sourcecode.c.h; path = ImageViewController.h; sourceTree = "<group>"; };
		6BC3C93519E76F040014A825 /* ImageViewController.m */ = {isa = PBXFileReference; fileEncoding = 4; lastKnownFileType = sourcecode.c.objc; path = ImageViewController.m; sourceTree = "<group>"; };
/* End PBXFileReference section */

/* Begin PBXFrameworksBuildPhase section */
		6BC3C90819E76EB30014A825 /* Frameworks */ = {
			isa = PBXFrameworksBuildPhase;
			buildActionMask = 2147483647;
			files = (
			);
			runOnlyForDeploymentPostprocessing = 0;
		};
		6BC3C92119E76EB30014A825 /* Frameworks */ = {
			isa = PBXFrameworksBuildPhase;
			buildActionMask = 2147483647;
			files = (
			);
			runOnlyForDeploymentPostprocessing = 0;
		};
/* End PBXFrameworksBuildPhase section */

/* Begin PBXGroup section */
		6BC3C90219E76EB30014A825 = {
			isa = PBXGroup;
			children = (
				6BC3C90D19E76EB30014A825 /* Imaginarium */,
				6BC3C92719E76EB30014A825 /* ImaginariumTests */,
				6BC3C90C19E76EB30014A825 /* Products */,
			);
			sourceTree = "<group>";
		};
		6BC3C90C19E76EB30014A825 /* Products */ = {
			isa = PBXGroup;
			children = (
				6BC3C90B19E76EB30014A825 /* Imaginarium.app */,
				6BC3C92419E76EB30014A825 /* ImaginariumTests.xctest */,
			);
			name = Products;
			sourceTree = "<group>";
		};
		6BC3C90D19E76EB30014A825 /* Imaginarium */ = {
			isa = PBXGroup;
			children = (
				6BC3C91219E76EB30014A825 /* AppDelegate.h */,
				6BC3C91319E76EB30014A825 /* AppDelegate.m */,
				6BC3C91519E76EB30014A825 /* ViewController.h */,
				6BC3C91619E76EB30014A825 /* ViewController.m */,
				6BC3C91819E76EB30014A825 /* Main.storyboard */,
				6BC3C93419E76F040014A825 /* ImageViewController.h */,
				6BC3C93519E76F040014A825 /* ImageViewController.m */,
				6BC3C91B19E76EB30014A825 /* Images.xcassets */,
				6BC3C91D19E76EB30014A825 /* LaunchScreen.xib */,
				6BC3C90E19E76EB30014A825 /* Supporting Files */,
			);
			path = Imaginarium;
			sourceTree = "<group>";
		};
		6BC3C90E19E76EB30014A825 /* Supporting Files */ = {
			isa = PBXGroup;
			children = (
				6BC3C90F19E76EB30014A825 /* Info.plist */,
				6BC3C91019E76EB30014A825 /* main.m */,
			);
			name = "Supporting Files";
			sourceTree = "<group>";
		};
		6BC3C92719E76EB30014A825 /* ImaginariumTests */ = {
			isa = PBXGroup;
			children = (
				6BC3C92A19E76EB30014A825 /* ImaginariumTests.m */,
				6BC3C92819E76EB30014A825 /* Supporting Files */,
			);
			path = ImaginariumTests;
			sourceTree = "<group>";
		};
		6BC3C92819E76EB30014A825 /* Supporting Files */ = {
			isa = PBXGroup;
			children = (
				6BC3C92919E76EB30014A825 /* Info.plist */,
			);
			name = "Supporting Files";
			sourceTree = "<group>";
		};
/* End PBXGroup section */

/* Begin PBXNativeTarget section */
		6BC3C90A19E76EB30014A825 /* Imaginarium */ = {
			isa = PBXNativeTarget;
			buildConfigurationList = 6BC3C92E19E76EB30014A825 /* Build configuration list for PBXNativeTarget "Imaginarium" */;
			buildPhases = (
				6BC3C90719E76EB30014A825 /* Sources */,
				6BC3C90819E76EB30014A825 /* Frameworks */,
				6BC3C90919E76EB30014A825 /* Resources */,
			);
			buildRules = (
			);
			dependencies = (
			);
			name = Imaginarium;
			productName = Imaginarium;
			productReference = 6BC3C90B19E76EB30014A825 /* Imaginarium.app */;
			productType = "com.apple.product-type.application";
		};
		6BC3C92319E76EB30014A825 /* ImaginariumTests */ = {
			isa = PBXNativeTarget;
			buildConfigurationList = 6BC3C93119E76EB30014A825 /* Build configuration list for PBXNativeTarget "ImaginariumTests" */;
			buildPhases = (
				6BC3C92019E76EB30014A825 /* Sources */,
				6BC3C92119E76EB30014A825 /* Frameworks */,
				6BC3C92219E76EB30014A825 /* Resources */,
			);
			buildRules = (
			);
			dependencies = (
				6BC3C92619E76EB30014A825 /* PBXTargetDependency */,
			);
			name = ImaginariumTests;
			productName = ImaginariumTests;
			productReference = 6BC3C92419E76EB30014A825 /* ImaginariumTests.xctest */;
			productType = "com.apple.product-type.bundle.unit-test";
		};
/* End PBXNativeTarget section */

/* Begin PBXProject section */
		6BC3C90319E76EB30014A825 /* Project object */ = {
			isa = PBXProject;
			attributes = {
				LastUpgradeCheck = 0600;
				ORGANIZATIONNAME = "Zhejiang University";
				TargetAttributes = {
					6BC3C90A19E76EB30014A825 = {
						CreatedOnToolsVersion = 6.0.1;
					};
					6BC3C92319E76EB30014A825 = {
						CreatedOnToolsVersion = 6.0.1;
						TestTargetID = 6BC3C90A19E76EB30014A825;
					};
				};
			};
			buildConfigurationList = 6BC3C90619E76EB30014A825 /* Build configuration list for PBXProject "Imaginarium" */;
			compatibilityVersion = "Xcode 3.2";
			developmentRegion = English;
			hasScannedForEncodings = 0;
			knownRegions = (
				en,
				Base,
			);
			mainGroup = 6BC3C90219E76EB30014A825;
			productRefGroup = 6BC3C90C19E76EB30014A825 /* Products */;
			projectDirPath = "";
			projectRoot = "";
			targets = (
				6BC3C90A19E76EB30014A825 /* Imaginarium */,
				6BC3C92319E76EB30014A825 /* ImaginariumTests */,
			);
		};
/* End PBXProject section */

/* Begin PBXResourcesBuildPhase section */
		6BC3C90919E76EB30014A825 /* Resources */ = {
			isa = PBXResourcesBuildPhase;
			buildActionMask = 2147483647;
			files = (
				6BC3C91A19E76EB30014A825 /* Main.storyboard in Resources */,
				6BC3C91F19E76EB30014A825 /* LaunchScreen.xib in Resources */,
				6BC3C91C19E76EB30014A825 /* Images.xcassets in Resources */,
			);
			runOnlyForDeploymentPostprocessing = 0;
		};
		6BC3C92219E76EB30014A825 /* Resources */ = {
			isa = PBXResourcesBuildPhase;
			buildActionMask = 2147483647;
			files = (
			);
			runOnlyForDeploymentPostprocessing = 0;
		};
/* End PBXResourcesBuildPhase section */

/* Begin PBXSourcesBuildPhase section */
		6BC3C90719E76EB30014A825 /* Sources */ = {
			isa = PBXSourcesBuildPhase;
			buildActionMask = 2147483647;
			files = (
				6BC3C91719E76EB30014A825 /* ViewController.m in Sources */,
				6BC3C91419E76EB30014A825 /* AppDelegate.m in Sources */,
				6BC3C93619E76F040014A825 /* ImageViewController.m in Sources */,
				6BC3C91119E76EB30014A825 /* main.m in Sources */,
			);
			runOnlyForDeploymentPostprocessing = 0;
		};
		6BC3C92019E76EB30014A825 /* Sources */ = {
			isa = PBXSourcesBuildPhase;
			buildActionMask = 2147483647;
			files = (
				6BC3C92B19E76EB30014A825 /* ImaginariumTests.m in Sources */,
			);
			runOnlyForDeploymentPostprocessing = 0;
		};
/* End PBXSourcesBuildPhase section */

/* Begin PBXTargetDependency section */
		6BC3C92619E76EB30014A825 /* PBXTargetDependency */ = {
			isa = PBXTargetDependency;
			target = 6BC3C90A19E76EB30014A825 /* Imaginarium */;
			targetProxy = 6BC3C92519E76EB30014A825 /* PBXContainerItemProxy */;
		};
/* End PBXTargetDependency section */

/* Begin PBXVariantGroup section */
		6BC3C91819E76EB30014A825 /* Main.storyboard */ = {
			isa = PBXVariantGroup;
			children = (
				6BC3C91919E76EB30014A825 /* Base */,
			);
			name = Main.storyboard;
			sourceTree = "<group>";
		};
		6BC3C91D19E76EB30014A825 /* LaunchScreen.xib */ = {
			isa = PBXVariantGroup;
			children = (
				6BC3C91E19E76EB30014A825 /* Base */,
			);
			name = LaunchScreen.xib;
			sourceTree = "<group>";
		};
/* End PBXVariantGroup section */

/* Begin XCBuildConfiguration section */
		6BC3C92C19E76EB30014A825 /* Debug */ = {
			isa = XCBuildConfiguration;
			buildSettings = {
				ALWAYS_SEARCH_USER_PATHS = NO;
				CLANG_CXX_LANGUAGE_STANDARD = "gnu++0x";
				CLANG_CXX_LIBRARY = "libc++";
				CLANG_ENABLE_MODULES = YES;
				CLANG_ENABLE_OBJC_ARC = YES;
				CLANG_WARN_BOOL_CONVERSION = YES;
				CLANG_WARN_CONSTANT_CONVERSION = YES;
				CLANG_WARN_DIRECT_OBJC_ISA_USAGE = YES_ERROR;
				CLANG_WARN_EMPTY_BODY = YES;
				CLANG_WARN_ENUM_CONVERSION = YES;
				CLANG_WARN_INT_CONVERSION = YES;
				CLANG_WARN_OBJC_ROOT_CLASS = YES_ERROR;
				CLANG_WARN_UNREACHABLE_CODE = YES;
				CLANG_WARN__DUPLICATE_METHOD_MATCH = YES;
				"CODE_SIGN_IDENTITY[sdk=iphoneos*]" = "iPhone Developer";
				COPY_PHASE_STRIP = NO;
				ENABLE_STRICT_OBJC_MSGSEND = YES;
				GCC_C_LANGUAGE_STANDARD = gnu99;
				GCC_DYNAMIC_NO_PIC = NO;
				GCC_OPTIMIZATION_LEVEL = 0;
				GCC_PREPROCESSOR_DEFINITIONS = (
					"DEBUG=1",
					"$(inherited)",
				);
				GCC_SYMBOLS_PRIVATE_EXTERN = NO;
				GCC_WARN_64_TO_32_BIT_CONVERSION = YES;
				GCC_WARN_ABOUT_RETURN_TYPE = YES_ERROR;
				GCC_WARN_UNDECLARED_SELECTOR = YES;
				GCC_WARN_UNINITIALIZED_AUTOS = YES_AGGRESSIVE;
				GCC_WARN_UNUSED_FUNCTION = YES;
				GCC_WARN_UNUSED_VARIABLE = YES;
				IPHONEOS_DEPLOYMENT_TARGET = 8.0;
				MTL_ENABLE_DEBUG_INFO = YES;
				ONLY_ACTIVE_ARCH = YES;
				SDKROOT = iphoneos;
			};
			name = Debug;
		};
		6BC3C92D19E76EB30014A825 /* Release */ = {
			isa = XCBuildConfiguration;
			buildSettings = {
				ALWAYS_SEARCH_USER_PATHS = NO;
				CLANG_CXX_LANGUAGE_STANDARD = "gnu++0x";
				CLANG_CXX_LIBRARY = "libc++";
				CLANG_ENABLE_MODULES = YES;
				CLANG_ENABLE_OBJC_ARC = YES;
				CLANG_WARN_BOOL_CONVERSION = YES;
				CLANG_WARN_CONSTANT_CONVERSION = YES;
				CLANG_WARN_DIRECT_OBJC_ISA_USAGE = YES_ERROR;
				CLANG_WARN_EMPTY_BODY = YES;
				CLANG_WARN_ENUM_CONVERSION = YES;
				CLANG_WARN_INT_CONVERSION = YES;
				CLANG_WARN_OBJC_ROOT_CLASS = YES_ERROR;
				CLANG_WARN_UNREACHABLE_CODE = YES;
				CLANG_WARN__DUPLICATE_METHOD_MATCH = YES;
				"CODE_SIGN_IDENTITY[sdk=iphoneos*]" = "iPhone Developer";
				COPY_PHASE_STRIP = YES;
				ENABLE_NS_ASSERTIONS = NO;
				ENABLE_STRICT_OBJC_MSGSEND = YES;
				GCC_C_LANGUAGE_STANDARD = gnu99;
				GCC_WARN_64_TO_32_BIT_CONVERSION = YES;
				GCC_WARN_ABOUT_RETURN_TYPE = YES_ERROR;
				GCC_WARN_UNDECLARED_SELECTOR = YES;
				GCC_WARN_UNINITIALIZED_AUTOS = YES_AGGRESSIVE;
				GCC_WARN_UNUSED_FUNCTION = YES;
				GCC_WARN_UNUSED_VARIABLE = YES;
				IPHONEOS_DEPLOYMENT_TARGET = 8.0;
				MTL_ENABLE_DEBUG_INFO = NO;
				SDKROOT = iphoneos;
				VALIDATE_PRODUCT = YES;
			};
			name = Release;
		};
		6BC3C92F19E76EB30014A825 /* Debug */ = {
			isa = XCBuildConfiguration;
			buildSettings = {
				ASSETCATALOG_COMPILER_APPICON_NAME = AppIcon;
				INFOPLIST_FILE = Imaginarium/Info.plist;
				IPHONEOS_DEPLOYMENT_TARGET = 7.0;
				LD_RUNPATH_SEARCH_PATHS = "$(inherited) @executable_path/Frameworks";
				PRODUCT_NAME = "$(TARGET_NAME)";
			};
			name = Debug;
		};
		6BC3C93019E76EB30014A825 /* Release */ = {
			isa = XCBuildConfiguration;
			buildSettings = {
				ASSETCATALOG_COMPILER_APPICON_NAME = AppIcon;
				INFOPLIST_FILE = Imaginarium/Info.plist;
				IPHONEOS_DEPLOYMENT_TARGET = 7.0;
				LD_RUNPATH_SEARCH_PATHS = "$(inherited) @executable_path/Frameworks";
				PRODUCT_NAME = "$(TARGET_NAME)";
			};
			name = Release;
		};
		6BC3C93219E76EB30014A825 /* Debug */ = {
			isa = XCBuildConfiguration;
			buildSettings = {
				BUNDLE_LOADER = "$(TEST_HOST)";
				FRAMEWORK_SEARCH_PATHS = (
					"$(SDKROOT)/Developer/Library/Frameworks",
					"$(inherited)",
				);
				GCC_PREPROCESSOR_DEFINITIONS = (
					"DEBUG=1",
					"$(inherited)",
				);
				INFOPLIST_FILE = ImaginariumTests/Info.plist;
				LD_RUNPATH_SEARCH_PATHS = "$(inherited) @executable_path/Frameworks @loader_path/Frameworks";
				PRODUCT_NAME = "$(TARGET_NAME)";
				TEST_HOST = "$(BUILT_PRODUCTS_DIR)/Imaginarium.app/Imaginarium";
			};
			name = Debug;
		};
		6BC3C93319E76EB30014A825 /* Release */ = {
			isa = XCBuildConfiguration;
			buildSettings = {
				BUNDLE_LOADER = "$(TEST_HOST)";
				FRAMEWORK_SEARCH_PATHS = (
					"$(SDKROOT)/Developer/Library/Frameworks",
					"$(inherited)",
				);
				INFOPLIST_FILE = ImaginariumTests/Info.plist;
				LD_RUNPATH_SEARCH_PATHS = "$(inherited) @executable_path/Frameworks @loader_path/Frameworks";
				PRODUCT_NAME = "$(TARGET_NAME)";
				TEST_HOST = "$(BUILT_PRODUCTS_DIR)/Imaginarium.app/Imaginarium";
			};
			name = Release;
		};
/* End XCBuildConfiguration section */

/* Begin XCConfigurationList section */
		6BC3C90619E76EB30014A825 /* Build configuration list for PBXProject "Imaginarium" */ = {
			isa = XCConfigurationList;
			buildConfigurations = (
				6BC3C92C19E76EB30014A825 /* Debug */,
				6BC3C92D19E76EB30014A825 /* Release */,
			);
			defaultConfigurationIsVisible = 0;
			defaultConfigurationName = Release;
		};
		6BC3C92E19E76EB30014A825 /* Build configuration list for PBXNativeTarget "Imaginarium" */ = {
			isa = XCConfigurationList;
			buildConfigurations = (
				6BC3C92F19E76EB30014A825 /* Debug */,
				6BC3C93019E76EB30014A825 /* Release */,
			);
			defaultConfigurationIsVisible = 0;
		};
		6BC3C93119E76EB30014A825 /* Build configuration list for PBXNativeTarget "ImaginariumTests" */ = {
			isa = XCConfigurationList;
			buildConfigurations = (
				6BC3C93219E76EB30014A825 /* Debug */,
				6BC3C93319E76EB30014A825 /* Release */,
			);
			defaultConfigurationIsVisible = 0;
		};
/* End XCConfigurationList section */
	};
	rootObject = 6BC3C90319E76EB30014A825 /* Project object */;
}
