// !$*UTF8*$!
{
	archiveVersion = 1;
	classes = {
	};
	objectVersion = 46;
	objects = {

/* Begin PBXBuildFile section */
		6B04B9D719E8BFE70097AA4E /* main.m in Sources */ = {isa = PBXBuildFile; fileRef = 6B04B9D619E8BFE70097AA4E /* main.m */; };
		6B04B9DA19E8BFE70097AA4E /* AppDelegate.m in Sources */ = {isa = PBXBuildFile; fileRef = 6B04B9D919E8BFE70097AA4E /* AppDelegate.m */; };
		6B04B9DD19E8BFE70097AA4E /* ViewController.m in Sources */ = {isa = PBXBuildFile; fileRef = 6B04B9DC19E8BFE70097AA4E /* ViewController.m */; };
		6B04B9E019E8BFE70097AA4E /* Main.storyboard in Resources */ = {isa = PBXBuildFile; fileRef = 6B04B9DE19E8BFE70097AA4E /* Main.storyboard */; };
		6B04B9E219E8BFE70097AA4E /* Images.xcassets in Resources */ = {isa = PBXBuildFile; fileRef = 6B04B9E119E8BFE70097AA4E /* Images.xcassets */; };
		6B04B9E519E8BFE70097AA4E /* LaunchScreen.xib in Resources */ = {isa = PBXBuildFile; fileRef = 6B04B9E319E8BFE70097AA4E /* LaunchScreen.xib */; };
		6B04B9F119E8BFE70097AA4E /* ShutterbugTests.m in Sources */ = {isa = PBXBuildFile; fileRef = 6B04B9F019E8BFE70097AA4E /* ShutterbugTests.m */; };
		6B04B9FC19E8C0390097AA4E /* FlickrPhotosTableViewController.m in Sources */ = {isa = PBXBuildFile; fileRef = 6B04B9FB19E8C0390097AA4E /* FlickrPhotosTableViewController.m */; };
		6B04B9FF19E8C0B30097AA4E /* JustPostedFlickrPhotosTVC.m in Sources */ = {isa = PBXBuildFile; fileRef = 6B04B9FE19E8C0B30097AA4E /* JustPostedFlickrPhotosTVC.m */; };
		6B04BA0419E9057D0097AA4E /* FlickrFetcher.m in Sources */ = {isa = PBXBuildFile; fileRef = 6B04BA0319E9057D0097AA4E /* FlickrFetcher.m */; };
		6B04BA0719E90AB90097AA4E /* ImageViewController.m in Sources */ = {isa = PBXBuildFile; fileRef = 6B04BA0619E90AB90097AA4E /* ImageViewController.m */; };
/* End PBXBuildFile section */

/* Begin PBXContainerItemProxy section */
		6B04B9EB19E8BFE70097AA4E /* PBXContainerItemProxy */ = {
			isa = PBXContainerItemProxy;
			containerPortal = 6B04B9C919E8BFE70097AA4E /* Project object */;
			proxyType = 1;
			remoteGlobalIDString = 6B04B9D019E8BFE70097AA4E;
			remoteInfo = Shutterbug;
		};
/* End PBXContainerItemProxy section */

/* Begin PBXFileReference section */
		6B04B9D119E8BFE70097AA4E /* Shutterbug.app */ = {isa = PBXFileReference; explicitFileType = wrapper.application; includeInIndex = 0; path = Shutterbug.app; sourceTree = BUILT_PRODUCTS_DIR; };
		6B04B9D519E8BFE70097AA4E /* Info.plist */ = {isa = PBXFileReference; lastKnownFileType = text.plist.xml; path = Info.plist; sourceTree = "<group>"; };
		6B04B9D619E8BFE70097AA4E /* main.m */ = {isa = PBXFileReference; lastKnownFileType = sourcecode.c.objc; path = main.m; sourceTree = "<group>"; };
		6B04B9D819E8BFE70097AA4E /* AppDelegate.h */ = {isa = PBXFileReference; lastKnownFileType = sourcecode.c.h; path = AppDelegate.h; sourceTree = "<group>"; };
		6B04B9D919E8BFE70097AA4E /* AppDelegate.m */ = {isa = PBXFileReference; lastKnownFileType = sourcecode.c.objc; path = AppDelegate.m; sourceTree = "<group>"; };
		6B04B9DB19E8BFE70097AA4E /* ViewController.h */ = {isa = PBXFileReference; lastKnownFileType = sourcecode.c.h; path = ViewController.h; sourceTree = "<group>"; };
		6B04B9DC19E8BFE70097AA4E /* ViewController.m */ = {isa = PBXFileReference; lastKnownFileType = sourcecode.c.objc; path = ViewController.m; sourceTree = "<group>"; };
		6B04B9DF19E8BFE70097AA4E /* Base */ = {isa = PBXFileReference; lastKnownFileType = file.storyboard; name = Base; path = Base.lproj/Main.storyboard; sourceTree = "<group>"; };
		6B04B9E119E8BFE70097AA4E /* Images.xcassets */ = {isa = PBXFileReference; lastKnownFileType = folder.assetcatalog; path = Images.xcassets; sourceTree = "<group>"; };
		6B04B9E419E8BFE70097AA4E /* Base */ = {isa = PBXFileReference; lastKnownFileType = file.xib; name = Base; path = Base.lproj/LaunchScreen.xib; sourceTree = "<group>"; };
		6B04B9EA19E8BFE70097AA4E /* ShutterbugTests.xctest */ = {isa = PBXFileReference; explicitFileType = wrapper.cfbundle; includeInIndex = 0; path = ShutterbugTests.xctest; sourceTree = BUILT_PRODUCTS_DIR; };
		6B04B9EF19E8BFE70097AA4E /* Info.plist */ = {isa = PBXFileReference; lastKnownFileType = text.plist.xml; path = Info.plist; sourceTree = "<group>"; };
		6B04B9F019E8BFE70097AA4E /* ShutterbugTests.m */ = {isa = PBXFileReference; lastKnownFileType = sourcecode.c.objc; path = ShutterbugTests.m; sourceTree = "<group>"; };
		6B04B9FA19E8C0390097AA4E /* FlickrPhotosTableViewController.h */ = {isa = PBXFileReference; fileEncoding = 4; lastKnownFileType = sourcecode.c.h; path = FlickrPhotosTableViewController.h; sourceTree = "<group>"; };
		6B04B9FB19E8C0390097AA4E /* FlickrPhotosTableViewController.m */ = {isa = PBXFileReference; fileEncoding = 4; lastKnownFileType = sourcecode.c.objc; path = FlickrPhotosTableViewController.m; sourceTree = "<group>"; };
		6B04B9FD19E8C0B30097AA4E /* JustPostedFlickrPhotosTVC.h */ = {isa = PBXFileReference; fileEncoding = 4; lastKnownFileType = sourcecode.c.h; path = JustPostedFlickrPhotosTVC.h; sourceTree = "<group>"; };
		6B04B9FE19E8C0B30097AA4E /* JustPostedFlickrPhotosTVC.m */ = {isa = PBXFileReference; fileEncoding = 4; lastKnownFileType = sourcecode.c.objc; path = JustPostedFlickrPhotosTVC.m; sourceTree = "<group>"; };
		6B04BA0119E9057D0097AA4E /* FlickrAPIKey.h */ = {isa = PBXFileReference; fileEncoding = 4; lastKnownFileType = sourcecode.c.h; path = FlickrAPIKey.h; sourceTree = "<group>"; };
		6B04BA0219E9057D0097AA4E /* FlickrFetcher.h */ = {isa = PBXFileReference; fileEncoding = 4; lastKnownFileType = sourcecode.c.h; path = FlickrFetcher.h; sourceTree = "<group>"; };
		6B04BA0319E9057D0097AA4E /* FlickrFetcher.m */ = {isa = PBXFileReference; fileEncoding = 4; lastKnownFileType = sourcecode.c.objc; path = FlickrFetcher.m; sourceTree = "<group>"; };
		6B04BA0519E90AB90097AA4E /* ImageViewController.h */ = {isa = PBXFileReference; fileEncoding = 4; lastKnownFileType = sourcecode.c.h; path = ImageViewController.h; sourceTree = "<group>"; };
		6B04BA0619E90AB90097AA4E /* ImageViewController.m */ = {isa = PBXFileReference; fileEncoding = 4; lastKnownFileType = sourcecode.c.objc; path = ImageViewController.m; sourceTree = "<group>"; };
/* End PBXFileReference section */

/* Begin PBXFrameworksBuildPhase section */
		6B04B9CE19E8BFE70097AA4E /* Frameworks */ = {
			isa = PBXFrameworksBuildPhase;
			buildActionMask = 2147483647;
			files = (
			);
			runOnlyForDeploymentPostprocessing = 0;
		};
		6B04B9E719E8BFE70097AA4E /* Frameworks */ = {
			isa = PBXFrameworksBuildPhase;
			buildActionMask = 2147483647;
			files = (
			);
			runOnlyForDeploymentPostprocessing = 0;
		};
/* End PBXFrameworksBuildPhase section */

/* Begin PBXGroup section */
		6B04B9C819E8BFE70097AA4E = {
			isa = PBXGroup;
			children = (
				6B04B9D319E8BFE70097AA4E /* Shutterbug */,
				6B04B9ED19E8BFE70097AA4E /* ShutterbugTests */,
				6B04B9D219E8BFE70097AA4E /* Products */,
			);
			sourceTree = "<group>";
		};
		6B04B9D219E8BFE70097AA4E /* Products */ = {
			isa = PBXGroup;
			children = (
				6B04B9D119E8BFE70097AA4E /* Shutterbug.app */,
				6B04B9EA19E8BFE70097AA4E /* ShutterbugTests.xctest */,
			);
			name = Products;
			sourceTree = "<group>";
		};
		6B04B9D319E8BFE70097AA4E /* Shutterbug */ = {
			isa = PBXGroup;
			children = (
				6B04B9D819E8BFE70097AA4E /* AppDelegate.h */,
				6B04B9D919E8BFE70097AA4E /* AppDelegate.m */,
				6B04B9DB19E8BFE70097AA4E /* ViewController.h */,
				6B04B9DC19E8BFE70097AA4E /* ViewController.m */,
				6B04B9DE19E8BFE70097AA4E /* Main.storyboard */,
				6B04B9FA19E8C0390097AA4E /* FlickrPhotosTableViewController.h */,
				6B04B9FB19E8C0390097AA4E /* FlickrPhotosTableViewController.m */,
				6B04B9FD19E8C0B30097AA4E /* JustPostedFlickrPhotosTVC.h */,
				6B04B9FE19E8C0B30097AA4E /* JustPostedFlickrPhotosTVC.m */,
				6B04BA0519E90AB90097AA4E /* ImageViewController.h */,
				6B04BA0619E90AB90097AA4E /* ImageViewController.m */,
				6B04BA0019E9057D0097AA4E /* Flickr Fetcher */,
				6B04B9E119E8BFE70097AA4E /* Images.xcassets */,
				6B04B9E319E8BFE70097AA4E /* LaunchScreen.xib */,
				6B04B9D419E8BFE70097AA4E /* Supporting Files */,
			);
			path = Shutterbug;
			sourceTree = "<group>";
		};
		6B04B9D419E8BFE70097AA4E /* Supporting Files */ = {
			isa = PBXGroup;
			children = (
				6B04B9D519E8BFE70097AA4E /* Info.plist */,
				6B04B9D619E8BFE70097AA4E /* main.m */,
			);
			name = "Supporting Files";
			sourceTree = "<group>";
		};
		6B04B9ED19E8BFE70097AA4E /* ShutterbugTests */ = {
			isa = PBXGroup;
			children = (
				6B04B9F019E8BFE70097AA4E /* ShutterbugTests.m */,
				6B04B9EE19E8BFE70097AA4E /* Supporting Files */,
			);
			path = ShutterbugTests;
			sourceTree = "<group>";
		};
		6B04B9EE19E8BFE70097AA4E /* Supporting Files */ = {
			isa = PBXGroup;
			children = (
				6B04B9EF19E8BFE70097AA4E /* Info.plist */,
			);
			name = "Supporting Files";
			sourceTree = "<group>";
		};
		6B04BA0019E9057D0097AA4E /* Flickr Fetcher */ = {
			isa = PBXGroup;
			children = (
				6B04BA0119E9057D0097AA4E /* FlickrAPIKey.h */,
				6B04BA0219E9057D0097AA4E /* FlickrFetcher.h */,
				6B04BA0319E9057D0097AA4E /* FlickrFetcher.m */,
			);
			path = "Flickr Fetcher";
			sourceTree = "<group>";
		};
/* End PBXGroup section */

/* Begin PBXNativeTarget section */
		6B04B9D019E8BFE70097AA4E /* Shutterbug */ = {
			isa = PBXNativeTarget;
			buildConfigurationList = 6B04B9F419E8BFE70097AA4E /* Build configuration list for PBXNativeTarget "Shutterbug" */;
			buildPhases = (
				6B04B9CD19E8BFE70097AA4E /* Sources */,
				6B04B9CE19E8BFE70097AA4E /* Frameworks */,
				6B04B9CF19E8BFE70097AA4E /* Resources */,
			);
			buildRules = (
			);
			dependencies = (
			);
			name = Shutterbug;
			productName = Shutterbug;
			productReference = 6B04B9D119E8BFE70097AA4E /* Shutterbug.app */;
			productType = "com.apple.product-type.application";
		};
		6B04B9E919E8BFE70097AA4E /* ShutterbugTests */ = {
			isa = PBXNativeTarget;
			buildConfigurationList = 6B04B9F719E8BFE70097AA4E /* Build configuration list for PBXNativeTarget "ShutterbugTests" */;
			buildPhases = (
				6B04B9E619E8BFE70097AA4E /* Sources */,
				6B04B9E719E8BFE70097AA4E /* Frameworks */,
				6B04B9E819E8BFE70097AA4E /* Resources */,
			);
			buildRules = (
			);
			dependencies = (
				6B04B9EC19E8BFE70097AA4E /* PBXTargetDependency */,
			);
			name = ShutterbugTests;
			productName = ShutterbugTests;
			productReference = 6B04B9EA19E8BFE70097AA4E /* ShutterbugTests.xctest */;
			productType = "com.apple.product-type.bundle.unit-test";
		};
/* End PBXNativeTarget section */

/* Begin PBXProject section */
		6B04B9C919E8BFE70097AA4E /* Project object */ = {
			isa = PBXProject;
			attributes = {
				LastUpgradeCheck = 0600;
				ORGANIZATIONNAME = "Zhejiang University";
				TargetAttributes = {
					6B04B9D019E8BFE70097AA4E = {
						CreatedOnToolsVersion = 6.0.1;
					};
					6B04B9E919E8BFE70097AA4E = {
						CreatedOnToolsVersion = 6.0.1;
						TestTargetID = 6B04B9D019E8BFE70097AA4E;
					};
				};
			};
			buildConfigurationList = 6B04B9CC19E8BFE70097AA4E /* Build configuration list for PBXProject "Shutterbug" */;
			compatibilityVersion = "Xcode 3.2";
			developmentRegion = English;
			hasScannedForEncodings = 0;
			knownRegions = (
				en,
				Base,
			);
			mainGroup = 6B04B9C819E8BFE70097AA4E;
			productRefGroup = 6B04B9D219E8BFE70097AA4E /* Products */;
			projectDirPath = "";
			projectRoot = "";
			targets = (
				6B04B9D019E8BFE70097AA4E /* Shutterbug */,
				6B04B9E919E8BFE70097AA4E /* ShutterbugTests */,
			);
		};
/* End PBXProject section */

/* Begin PBXResourcesBuildPhase section */
		6B04B9CF19E8BFE70097AA4E /* Resources */ = {
			isa = PBXResourcesBuildPhase;
			buildActionMask = 2147483647;
			files = (
				6B04B9E019E8BFE70097AA4E /* Main.storyboard in Resources */,
				6B04B9E519E8BFE70097AA4E /* LaunchScreen.xib in Resources */,
				6B04B9E219E8BFE70097AA4E /* Images.xcassets in Resources */,
			);
			runOnlyForDeploymentPostprocessing = 0;
		};
		6B04B9E819E8BFE70097AA4E /* Resources */ = {
			isa = PBXResourcesBuildPhase;
			buildActionMask = 2147483647;
			files = (
			);
			runOnlyForDeploymentPostprocessing = 0;
		};
/* End PBXResourcesBuildPhase section */

/* Begin PBXSourcesBuildPhase section */
		6B04B9CD19E8BFE70097AA4E /* Sources */ = {
			isa = PBXSourcesBuildPhase;
			buildActionMask = 2147483647;
			files = (
				6B04B9FF19E8C0B30097AA4E /* JustPostedFlickrPhotosTVC.m in Sources */,
				6B04B9DD19E8BFE70097AA4E /* ViewController.m in Sources */,
				6B04B9FC19E8C0390097AA4E /* FlickrPhotosTableViewController.m in Sources */,
				6B04B9DA19E8BFE70097AA4E /* AppDelegate.m in Sources */,
				6B04BA0419E9057D0097AA4E /* FlickrFetcher.m in Sources */,
				6B04BA0719E90AB90097AA4E /* ImageViewController.m in Sources */,
				6B04B9D719E8BFE70097AA4E /* main.m in Sources */,
			);
			runOnlyForDeploymentPostprocessing = 0;
		};
		6B04B9E619E8BFE70097AA4E /* Sources */ = {
			isa = PBXSourcesBuildPhase;
			buildActionMask = 2147483647;
			files = (
				6B04B9F119E8BFE70097AA4E /* ShutterbugTests.m in Sources */,
			);
			runOnlyForDeploymentPostprocessing = 0;
		};
/* End PBXSourcesBuildPhase section */

/* Begin PBXTargetDependency section */
		6B04B9EC19E8BFE70097AA4E /* PBXTargetDependency */ = {
			isa = PBXTargetDependency;
			target = 6B04B9D019E8BFE70097AA4E /* Shutterbug */;
			targetProxy = 6B04B9EB19E8BFE70097AA4E /* PBXContainerItemProxy */;
		};
/* End PBXTargetDependency section */

/* Begin PBXVariantGroup section */
		6B04B9DE19E8BFE70097AA4E /* Main.storyboard */ = {
			isa = PBXVariantGroup;
			children = (
				6B04B9DF19E8BFE70097AA4E /* Base */,
			);
			name = Main.storyboard;
			sourceTree = "<group>";
		};
		6B04B9E319E8BFE70097AA4E /* LaunchScreen.xib */ = {
			isa = PBXVariantGroup;
			children = (
				6B04B9E419E8BFE70097AA4E /* Base */,
			);
			name = LaunchScreen.xib;
			sourceTree = "<group>";
		};
/* End PBXVariantGroup section */

/* Begin XCBuildConfiguration section */
		6B04B9F219E8BFE70097AA4E /* Debug */ = {
			isa = XCBuildConfiguration;
			buildSettings = {
				ALWAYS_SEARCH_USER_PATHS = NO;
				CLANG_CXX_LANGUAGE_STANDARD = "gnu++0x";
				CLANG_CXX_LIBRARY = "libc++";
				CLANG_ENABLE_MODULES = YES;
				CLANG_ENABLE_OBJC_ARC = YES;
				CLANG_WARN_BOOL_CONVERSION = YES;
				CLANG_WARN_CONSTANT_CONVERSION = YES;
				CLANG_WARN_DIRECT_OBJC_ISA_USAGE = YES_ERROR;
				CLANG_WARN_EMPTY_BODY = YES;
				CLANG_WARN_ENUM_CONVERSION = YES;
				CLANG_WARN_INT_CONVERSION = YES;
				CLANG_WARN_OBJC_ROOT_CLASS = YES_ERROR;
				CLANG_WARN_UNREACHABLE_CODE = YES;
				CLANG_WARN__DUPLICATE_METHOD_MATCH = YES;
				"CODE_SIGN_IDENTITY[sdk=iphoneos*]" = "iPhone Developer";
				COPY_PHASE_STRIP = NO;
				ENABLE_STRICT_OBJC_MSGSEND = YES;
				GCC_C_LANGUAGE_STANDARD = gnu99;
				GCC_DYNAMIC_NO_PIC = NO;
				GCC_OPTIMIZATION_LEVEL = 0;
				GCC_PREPROCESSOR_DEFINITIONS = (
					"DEBUG=1",
					"$(inherited)",
				);
				GCC_SYMBOLS_PRIVATE_EXTERN = NO;
				GCC_WARN_64_TO_32_BIT_CONVERSION = YES;
				GCC_WARN_ABOUT_RETURN_TYPE = YES_ERROR;
				GCC_WARN_UNDECLARED_SELECTOR = YES;
				GCC_WARN_UNINITIALIZED_AUTOS = YES_AGGRESSIVE;
				GCC_WARN_UNUSED_FUNCTION = YES;
				GCC_WARN_UNUSED_VARIABLE = YES;
				IPHONEOS_DEPLOYMENT_TARGET = 8.0;
				MTL_ENABLE_DEBUG_INFO = YES;
				ONLY_ACTIVE_ARCH = YES;
				SDKROOT = iphoneos;
			};
			name = Debug;
		};
		6B04B9F319E8BFE70097AA4E /* Release */ = {
			isa = XCBuildConfiguration;
			buildSettings = {
				ALWAYS_SEARCH_USER_PATHS = NO;
				CLANG_CXX_LANGUAGE_STANDARD = "gnu++0x";
				CLANG_CXX_LIBRARY = "libc++";
				CLANG_ENABLE_MODULES = YES;
				CLANG_ENABLE_OBJC_ARC = YES;
				CLANG_WARN_BOOL_CONVERSION = YES;
				CLANG_WARN_CONSTANT_CONVERSION = YES;
				CLANG_WARN_DIRECT_OBJC_ISA_USAGE = YES_ERROR;
				CLANG_WARN_EMPTY_BODY = YES;
				CLANG_WARN_ENUM_CONVERSION = YES;
				CLANG_WARN_INT_CONVERSION = YES;
				CLANG_WARN_OBJC_ROOT_CLASS = YES_ERROR;
				CLANG_WARN_UNREACHABLE_CODE = YES;
				CLANG_WARN__DUPLICATE_METHOD_MATCH = YES;
				"CODE_SIGN_IDENTITY[sdk=iphoneos*]" = "iPhone Developer";
				COPY_PHASE_STRIP = YES;
				ENABLE_NS_ASSERTIONS = NO;
				ENABLE_STRICT_OBJC_MSGSEND = YES;
				GCC_C_LANGUAGE_STANDARD = gnu99;
				GCC_WARN_64_TO_32_BIT_CONVERSION = YES;
				GCC_WARN_ABOUT_RETURN_TYPE = YES_ERROR;
				GCC_WARN_UNDECLARED_SELECTOR = YES;
				GCC_WARN_UNINITIALIZED_AUTOS = YES_AGGRESSIVE;
				GCC_WARN_UNUSED_FUNCTION = YES;
				GCC_WARN_UNUSED_VARIABLE = YES;
				IPHONEOS_DEPLOYMENT_TARGET = 8.0;
				MTL_ENABLE_DEBUG_INFO = NO;
				SDKROOT = iphoneos;
				VALIDATE_PRODUCT = YES;
			};
			name = Release;
		};
		6B04B9F519E8BFE70097AA4E /* Debug */ = {
			isa = XCBuildConfiguration;
			buildSettings = {
				ASSETCATALOG_COMPILER_APPICON_NAME = AppIcon;
				INFOPLIST_FILE = Shutterbug/Info.plist;
				LD_RUNPATH_SEARCH_PATHS = "$(inherited) @executable_path/Frameworks";
				PRODUCT_NAME = "$(TARGET_NAME)";
			};
			name = Debug;
		};
		6B04B9F619E8BFE70097AA4E /* Release */ = {
			isa = XCBuildConfiguration;
			buildSettings = {
				ASSETCATALOG_COMPILER_APPICON_NAME = AppIcon;
				INFOPLIST_FILE = Shutterbug/Info.plist;
				LD_RUNPATH_SEARCH_PATHS = "$(inherited) @executable_path/Frameworks";
				PRODUCT_NAME = "$(TARGET_NAME)";
			};
			name = Release;
		};
		6B04B9F819E8BFE70097AA4E /* Debug */ = {
			isa = XCBuildConfiguration;
			buildSettings = {
				BUNDLE_LOADER = "$(TEST_HOST)";
				FRAMEWORK_SEARCH_PATHS = (
					"$(SDKROOT)/Developer/Library/Frameworks",
					"$(inherited)",
				);
				GCC_PREPROCESSOR_DEFINITIONS = (
					"DEBUG=1",
					"$(inherited)",
				);
				INFOPLIST_FILE = ShutterbugTests/Info.plist;
				LD_RUNPATH_SEARCH_PATHS = "$(inherited) @executable_path/Frameworks @loader_path/Frameworks";
				PRODUCT_NAME = "$(TARGET_NAME)";
				TEST_HOST = "$(BUILT_PRODUCTS_DIR)/Shutterbug.app/Shutterbug";
			};
			name = Debug;
		};
		6B04B9F919E8BFE70097AA4E /* Release */ = {
			isa = XCBuildConfiguration;
			buildSettings = {
				BUNDLE_LOADER = "$(TEST_HOST)";
				FRAMEWORK_SEARCH_PATHS = (
					"$(SDKROOT)/Developer/Library/Frameworks",
					"$(inherited)",
				);
				INFOPLIST_FILE = ShutterbugTests/Info.plist;
				LD_RUNPATH_SEARCH_PATHS = "$(inherited) @executable_path/Frameworks @loader_path/Frameworks";
				PRODUCT_NAME = "$(TARGET_NAME)";
				TEST_HOST = "$(BUILT_PRODUCTS_DIR)/Shutterbug.app/Shutterbug";
			};
			name = Release;
		};
/* End XCBuildConfiguration section */

/* Begin XCConfigurationList section */
		6B04B9CC19E8BFE70097AA4E /* Build configuration list for PBXProject "Shutterbug" */ = {
			isa = XCConfigurationList;
			buildConfigurations = (
				6B04B9F219E8BFE70097AA4E /* Debug */,
				6B04B9F319E8BFE70097AA4E /* Release */,
			);
			defaultConfigurationIsVisible = 0;
			defaultConfigurationName = Release;
		};
		6B04B9F419E8BFE70097AA4E /* Build configuration list for PBXNativeTarget "Shutterbug" */ = {
			isa = XCConfigurationList;
			buildConfigurations = (
				6B04B9F519E8BFE70097AA4E /* Debug */,
				6B04B9F619E8BFE70097AA4E /* Release */,
			);
			defaultConfigurationIsVisible = 0;
		};
		6B04B9F719E8BFE70097AA4E /* Build configuration list for PBXNativeTarget "ShutterbugTests" */ = {
			isa = XCConfigurationList;
			buildConfigurations = (
				6B04B9F819E8BFE70097AA4E /* Debug */,
				6B04B9F919E8BFE70097AA4E /* Release */,
			);
			defaultConfigurationIsVisible = 0;
		};
/* End XCConfigurationList section */
	};
	rootObject = 6B04B9C919E8BFE70097AA4E /* Project object */;
}
